
Microsoft Visual Studio Solution File, Format Version 12.00
# Visual Studio Version 16
VisualStudioVersion = 16.0.808.8
MinimumVisualStudioVersion = 10.0.40219.1
Project("{FAE04EC0-301F-11D3-BF4B-00C04F79EFBC}") = "Entities", "Entities\Entities.csproj", "{FBC9477A-50B6-47D7-86F1-EDA2D5D0DE72}"
EndProject
Project("{FAE04EC0-301F-11D3-BF4B-00C04F79EFBC}") = "DataAccess", "DataAccess\DataAccess.csproj", "{92E27895-C440-4A50-A734-E8777601798C}"
EndProject
Project("{FAE04EC0-301F-11D3-BF4B-00C04F79EFBC}") = "Business", "Business\Business.csproj", "{99686A17-FE44-41D3-AF4C-F786D78EA0FB}"
EndProject
Project("{FAE04EC0-301F-11D3-BF4B-00C04F79EFBC}") = "ConsoleUI", "ConsoleUI\ConsoleUI.csproj", "{B460B1F2-5A46-43D4-9D91-BF1F35E2BB88}"
EndProject
Global
	GlobalSection(SolutionConfigurationPlatforms) = preSolution
		Debug|Any CPU = Debug|Any CPU
		Release|Any CPU = Release|Any CPU
	EndGlobalSection
	GlobalSection(ProjectConfigurationPlatforms) = postSolution
		{FBC9477A-50B6-47D7-86F1-EDA2D5D0DE72}.Debug|Any CPU.ActiveCfg = Debug|Any CPU
		{FBC9477A-50B6-47D7-86F1-EDA2D5D0DE72}.Debug|Any CPU.Build.0 = Debug|Any CPU
		{FBC9477A-50B6-47D7-86F1-EDA2D5D0DE72}.Release|Any CPU.ActiveCfg = Release|Any CPU
		{FBC9477A-50B6-47D7-86F1-EDA2D5D0DE72}.Release|Any CPU.Build.0 = Release|Any CPU
		{92E27895-C440-4A50-A734-E8777601798C}.Debug|Any CPU.ActiveCfg = Debug|Any CPU
		{92E27895-C440-4A50-A734-E8777601798C}.Debug|Any CPU.Build.0 = Debug|Any CPU
		{92E27895-C440-4A50-A734-E8777601798C}.Release|Any CPU.ActiveCfg = Release|Any CPU
		{92E27895-C440-4A50-A734-E8777601798C}.Release|Any CPU.Build.0 = Release|Any CPU
		{99686A17-FE44-41D3-AF4C-F786D78EA0FB}.Debug|Any CPU.ActiveCfg = Debug|Any CPU
		{99686A17-FE44-41D3-AF4C-F786D78EA0FB}.Debug|Any CPU.Build.0 = Debug|Any CPU
		{99686A17-FE44-41D3-AF4C-F786D78EA0FB}.Release|Any CPU.ActiveCfg = Release|Any CPU
		{99686A17-FE44-41D3-AF4C-F786D78EA0FB}.Release|Any CPU.Build.0 = Release|Any CPU
		{B460B1F2-5A46-43D4-9D91-BF1F35E2BB88}.Debug|Any CPU.ActiveCfg = Debug|Any CPU
		{B460B1F2-5A46-43D4-9D91-BF1F35E2BB88}.Debug|Any CPU.Build.0 = Debug|Any CPU
		{B460B1F2-5A46-43D4-9D91-BF1F35E2BB88}.Release|Any CPU.ActiveCfg = Release|Any CPU
		{B460B1F2-5A46-43D4-9D91-BF1F35E2BB88}.Release|Any CPU.Build.0 = Release|Any CPU
	EndGlobalSection
	GlobalSection(SolutionProperties) = preSolution
		HideSolutionNode = FALSE
	EndGlobalSection
	GlobalSection(ExtensibilityGlobals) = postSolution
		SolutionGuid = {41A05C0D-C41D-49AF-8824-A281FF677991}
	EndGlobalSection
EndGlobal
